// !$*UTF8*$!
{
	archiveVersion = 1;
	classes = {
	};
	objectVersion = 46;
	objects = {

/* Begin PBXBuildFile section */
		0E29E1F24550661DB0F2A05D /* Pods_TeamFitnessApp.framework in Frameworks */ = {isa = PBXBuildFile; fileRef = 400E5015EFC2F2D0786F05DE /* Pods_TeamFitnessApp.framework */; };
		33533B74E3413B25BF5E93C5 /* Pods_TeamFitnessAppUITests.framework in Frameworks */ = {isa = PBXBuildFile; fileRef = 1AFFD9E8D7960E6ED65315B8 /* Pods_TeamFitnessAppUITests.framework */; };
		6AAC8699E3FC030B9FBE87D8 /* Pods_TeamFitnessAppTests.framework in Frameworks */ = {isa = PBXBuildFile; fileRef = 11E4C3F86B33FDA8EC68C009 /* Pods_TeamFitnessAppTests.framework */; };
		AA89B06A1E93E905007E55AC /* HealthKit.framework in Frameworks */ = {isa = PBXBuildFile; fileRef = AA89B0691E93E905007E55AC /* HealthKit.framework */; };
		AA89B06D1E93F1FB007E55AC /* GoogleService-Info.plist in Resources */ = {isa = PBXBuildFile; fileRef = AA89B06C1E93F1FB007E55AC /* GoogleService-Info.plist */; };
		EC6A3D311E92EDC800F5E717 /* AppDelegate.swift in Sources */ = {isa = PBXBuildFile; fileRef = EC6A3D301E92EDC800F5E717 /* AppDelegate.swift */; };
		EC6A3D331E92EDC800F5E717 /* ViewController.swift in Sources */ = {isa = PBXBuildFile; fileRef = EC6A3D321E92EDC800F5E717 /* ViewController.swift */; };
		EC6A3D361E92EDC800F5E717 /* Main.storyboard in Resources */ = {isa = PBXBuildFile; fileRef = EC6A3D341E92EDC800F5E717 /* Main.storyboard */; };
		EC6A3D381E92EDC800F5E717 /* Assets.xcassets in Resources */ = {isa = PBXBuildFile; fileRef = EC6A3D371E92EDC800F5E717 /* Assets.xcassets */; };
		EC6A3D3B1E92EDC800F5E717 /* LaunchScreen.storyboard in Resources */ = {isa = PBXBuildFile; fileRef = EC6A3D391E92EDC800F5E717 /* LaunchScreen.storyboard */; };
		EC6A3D461E92EDC800F5E717 /* TeamFitnessAppTests.swift in Sources */ = {isa = PBXBuildFile; fileRef = EC6A3D451E92EDC800F5E717 /* TeamFitnessAppTests.swift */; };
		EC6A3D511E92EDC800F5E717 /* TeamFitnessAppUITests.swift in Sources */ = {isa = PBXBuildFile; fileRef = EC6A3D501E92EDC800F5E717 /* TeamFitnessAppUITests.swift */; };
		EC6A3D621E92F4D300F5E717 /* Formatting.swift in Sources */ = {isa = PBXBuildFile; fileRef = EC6A3D611E92F4D200F5E717 /* Formatting.swift */; };
		ECE3F5A81E93E8A9001230CC /* FitnessButton.swift in Sources */ = {isa = PBXBuildFile; fileRef = ECE3F5A71E93E8A9001230CC /* FitnessButton.swift */; };
		ECE3F5AB1E93EC59001230CC /* FitnessLabel.swift in Sources */ = {isa = PBXBuildFile; fileRef = ECE3F5AA1E93EC59001230CC /* FitnessLabel.swift */; };
		FEB434001E9526C000A7D5E1 /* Goal.swift in Sources */ = {isa = PBXBuildFile; fileRef = FEB433FF1E9526C000A7D5E1 /* Goal.swift */; };
		FEC839A41E93FA0F0014B6FA /* Challenge.swift in Sources */ = {isa = PBXBuildFile; fileRef = FEC839A31E93FA0F0014B6FA /* Challenge.swift */; };
		FEC839A61E93FA3D0014B6FA /* Team.swift in Sources */ = {isa = PBXBuildFile; fileRef = FEC839A51E93FA3D0014B6FA /* Team.swift */; };
		FEC839A81E93FA4E0014B6FA /* User.swift in Sources */ = {isa = PBXBuildFile; fileRef = FEC839A71E93FA4E0014B6FA /* User.swift */; };
		ECE3F5B01E940C70001230CC /* FitnessView.swift in Sources */ = {isa = PBXBuildFile; fileRef = ECE3F5AF1E940C70001230CC /* FitnessView.swift */; };
		ECE3F5BA1E94441A001230CC /* FirebaseManager.swift in Sources */ = {isa = PBXBuildFile; fileRef = ECE3F5B91E94441A001230CC /* FirebaseManager.swift */; };
		ECE3F5BC1E944583001230CC /* FirebaseResponse.swift in Sources */ = {isa = PBXBuildFile; fileRef = ECE3F5BB1E944583001230CC /* FirebaseResponse.swift */; };
/* End PBXBuildFile section */

/* Begin PBXContainerItemProxy section */
		EC6A3D421E92EDC800F5E717 /* PBXContainerItemProxy */ = {
			isa = PBXContainerItemProxy;
			containerPortal = EC6A3D251E92EDC800F5E717 /* Project object */;
			proxyType = 1;
			remoteGlobalIDString = EC6A3D2C1E92EDC800F5E717;
			remoteInfo = TeamFitnessApp;
		};
		EC6A3D4D1E92EDC800F5E717 /* PBXContainerItemProxy */ = {
			isa = PBXContainerItemProxy;
			containerPortal = EC6A3D251E92EDC800F5E717 /* Project object */;
			proxyType = 1;
			remoteGlobalIDString = EC6A3D2C1E92EDC800F5E717;
			remoteInfo = TeamFitnessApp;
		};
/* End PBXContainerItemProxy section */

/* Begin PBXFileReference section */
		089558D519A9A4A80E4717E6 /* Pods-TeamFitnessAppUITests.release.xcconfig */ = {isa = PBXFileReference; includeInIndex = 1; lastKnownFileType = text.xcconfig; name = "Pods-TeamFitnessAppUITests.release.xcconfig"; path = "Pods/Target Support Files/Pods-TeamFitnessAppUITests/Pods-TeamFitnessAppUITests.release.xcconfig"; sourceTree = "<group>"; };
		11E4C3F86B33FDA8EC68C009 /* Pods_TeamFitnessAppTests.framework */ = {isa = PBXFileReference; explicitFileType = wrapper.framework; includeInIndex = 0; path = Pods_TeamFitnessAppTests.framework; sourceTree = BUILT_PRODUCTS_DIR; };
		12640670CEAE8AE21C0B30FB /* Pods-TeamFitnessAppTests.debug.xcconfig */ = {isa = PBXFileReference; includeInIndex = 1; lastKnownFileType = text.xcconfig; name = "Pods-TeamFitnessAppTests.debug.xcconfig"; path = "Pods/Target Support Files/Pods-TeamFitnessAppTests/Pods-TeamFitnessAppTests.debug.xcconfig"; sourceTree = "<group>"; };
		1AFFD9E8D7960E6ED65315B8 /* Pods_TeamFitnessAppUITests.framework */ = {isa = PBXFileReference; explicitFileType = wrapper.framework; includeInIndex = 0; path = Pods_TeamFitnessAppUITests.framework; sourceTree = BUILT_PRODUCTS_DIR; };
		221FF2463D54139D51842E21 /* Pods-TeamFitnessApp.debug.xcconfig */ = {isa = PBXFileReference; includeInIndex = 1; lastKnownFileType = text.xcconfig; name = "Pods-TeamFitnessApp.debug.xcconfig"; path = "Pods/Target Support Files/Pods-TeamFitnessApp/Pods-TeamFitnessApp.debug.xcconfig"; sourceTree = "<group>"; };
		400E5015EFC2F2D0786F05DE /* Pods_TeamFitnessApp.framework */ = {isa = PBXFileReference; explicitFileType = wrapper.framework; includeInIndex = 0; path = Pods_TeamFitnessApp.framework; sourceTree = BUILT_PRODUCTS_DIR; };
		7B2D5318F33B4B43C01826E5 /* Pods-TeamFitnessAppTests.release.xcconfig */ = {isa = PBXFileReference; includeInIndex = 1; lastKnownFileType = text.xcconfig; name = "Pods-TeamFitnessAppTests.release.xcconfig"; path = "Pods/Target Support Files/Pods-TeamFitnessAppTests/Pods-TeamFitnessAppTests.release.xcconfig"; sourceTree = "<group>"; };
		88ADC239E33D8EFDE8ADF02D /* Pods-TeamFitnessAppUITests.debug.xcconfig */ = {isa = PBXFileReference; includeInIndex = 1; lastKnownFileType = text.xcconfig; name = "Pods-TeamFitnessAppUITests.debug.xcconfig"; path = "Pods/Target Support Files/Pods-TeamFitnessAppUITests/Pods-TeamFitnessAppUITests.debug.xcconfig"; sourceTree = "<group>"; };
		AA89B0691E93E905007E55AC /* HealthKit.framework */ = {isa = PBXFileReference; lastKnownFileType = wrapper.framework; name = HealthKit.framework; path = System/Library/Frameworks/HealthKit.framework; sourceTree = SDKROOT; };
		AA89B06B1E93E905007E55AC /* TeamFitnessApp.entitlements */ = {isa = PBXFileReference; lastKnownFileType = text.plist.entitlements; path = TeamFitnessApp.entitlements; sourceTree = "<group>"; };
		AA89B06C1E93F1FB007E55AC /* GoogleService-Info.plist */ = {isa = PBXFileReference; fileEncoding = 4; lastKnownFileType = text.plist.xml; path = "GoogleService-Info.plist"; sourceTree = "<group>"; };
		D446E68A6D57055C70C0BC66 /* Pods-TeamFitnessApp.release.xcconfig */ = {isa = PBXFileReference; includeInIndex = 1; lastKnownFileType = text.xcconfig; name = "Pods-TeamFitnessApp.release.xcconfig"; path = "Pods/Target Support Files/Pods-TeamFitnessApp/Pods-TeamFitnessApp.release.xcconfig"; sourceTree = "<group>"; };
		EC6A3D2D1E92EDC800F5E717 /* TeamFitnessApp.app */ = {isa = PBXFileReference; explicitFileType = wrapper.application; includeInIndex = 0; path = TeamFitnessApp.app; sourceTree = BUILT_PRODUCTS_DIR; };
		EC6A3D301E92EDC800F5E717 /* AppDelegate.swift */ = {isa = PBXFileReference; lastKnownFileType = sourcecode.swift; path = AppDelegate.swift; sourceTree = "<group>"; };
		EC6A3D321E92EDC800F5E717 /* ViewController.swift */ = {isa = PBXFileReference; lastKnownFileType = sourcecode.swift; path = ViewController.swift; sourceTree = "<group>"; };
		EC6A3D351E92EDC800F5E717 /* Base */ = {isa = PBXFileReference; lastKnownFileType = file.storyboard; name = Base; path = Base.lproj/Main.storyboard; sourceTree = "<group>"; };
		EC6A3D371E92EDC800F5E717 /* Assets.xcassets */ = {isa = PBXFileReference; lastKnownFileType = folder.assetcatalog; path = Assets.xcassets; sourceTree = "<group>"; };
		EC6A3D3A1E92EDC800F5E717 /* Base */ = {isa = PBXFileReference; lastKnownFileType = file.storyboard; name = Base; path = Base.lproj/LaunchScreen.storyboard; sourceTree = "<group>"; };
		EC6A3D3C1E92EDC800F5E717 /* Info.plist */ = {isa = PBXFileReference; lastKnownFileType = text.plist.xml; path = Info.plist; sourceTree = "<group>"; };
		EC6A3D411E92EDC800F5E717 /* TeamFitnessAppTests.xctest */ = {isa = PBXFileReference; explicitFileType = wrapper.cfbundle; includeInIndex = 0; path = TeamFitnessAppTests.xctest; sourceTree = BUILT_PRODUCTS_DIR; };
		EC6A3D451E92EDC800F5E717 /* TeamFitnessAppTests.swift */ = {isa = PBXFileReference; lastKnownFileType = sourcecode.swift; path = TeamFitnessAppTests.swift; sourceTree = "<group>"; };
		EC6A3D471E92EDC800F5E717 /* Info.plist */ = {isa = PBXFileReference; lastKnownFileType = text.plist.xml; path = Info.plist; sourceTree = "<group>"; };
		EC6A3D4C1E92EDC800F5E717 /* TeamFitnessAppUITests.xctest */ = {isa = PBXFileReference; explicitFileType = wrapper.cfbundle; includeInIndex = 0; path = TeamFitnessAppUITests.xctest; sourceTree = BUILT_PRODUCTS_DIR; };
		EC6A3D501E92EDC800F5E717 /* TeamFitnessAppUITests.swift */ = {isa = PBXFileReference; lastKnownFileType = sourcecode.swift; path = TeamFitnessAppUITests.swift; sourceTree = "<group>"; };
		EC6A3D521E92EDC800F5E717 /* Info.plist */ = {isa = PBXFileReference; lastKnownFileType = text.plist.xml; path = Info.plist; sourceTree = "<group>"; };
		EC6A3D611E92F4D200F5E717 /* Formatting.swift */ = {isa = PBXFileReference; fileEncoding = 4; lastKnownFileType = sourcecode.swift; path = Formatting.swift; sourceTree = "<group>"; };
		ECE3F5A71E93E8A9001230CC /* FitnessButton.swift */ = {isa = PBXFileReference; fileEncoding = 4; lastKnownFileType = sourcecode.swift; path = FitnessButton.swift; sourceTree = "<group>"; };
		ECE3F5AA1E93EC59001230CC /* FitnessLabel.swift */ = {isa = PBXFileReference; fileEncoding = 4; lastKnownFileType = sourcecode.swift; path = FitnessLabel.swift; sourceTree = "<group>"; };
		FEB433FF1E9526C000A7D5E1 /* Goal.swift */ = {isa = PBXFileReference; fileEncoding = 4; lastKnownFileType = sourcecode.swift; path = Goal.swift; sourceTree = "<group>"; };
		FEC839A31E93FA0F0014B6FA /* Challenge.swift */ = {isa = PBXFileReference; fileEncoding = 4; lastKnownFileType = sourcecode.swift; path = Challenge.swift; sourceTree = "<group>"; };
		FEC839A51E93FA3D0014B6FA /* Team.swift */ = {isa = PBXFileReference; fileEncoding = 4; lastKnownFileType = sourcecode.swift; path = Team.swift; sourceTree = "<group>"; };
		FEC839A71E93FA4E0014B6FA /* User.swift */ = {isa = PBXFileReference; fileEncoding = 4; lastKnownFileType = sourcecode.swift; path = User.swift; sourceTree = "<group>"; };
		ECE3F5AF1E940C70001230CC /* FitnessView.swift */ = {isa = PBXFileReference; fileEncoding = 4; lastKnownFileType = sourcecode.swift; path = FitnessView.swift; sourceTree = "<group>"; };
		ECE3F5B91E94441A001230CC /* FirebaseManager.swift */ = {isa = PBXFileReference; fileEncoding = 4; lastKnownFileType = sourcecode.swift; path = FirebaseManager.swift; sourceTree = "<group>"; };
		ECE3F5BB1E944583001230CC /* FirebaseResponse.swift */ = {isa = PBXFileReference; fileEncoding = 4; lastKnownFileType = sourcecode.swift; path = FirebaseResponse.swift; sourceTree = "<group>"; };
/* End PBXFileReference section */

/* Begin PBXFrameworksBuildPhase section */
		EC6A3D2A1E92EDC800F5E717 /* Frameworks */ = {
			isa = PBXFrameworksBuildPhase;
			buildActionMask = 2147483647;
			files = (
				0E29E1F24550661DB0F2A05D /* Pods_TeamFitnessApp.framework in Frameworks */,
				AA89B06A1E93E905007E55AC /* HealthKit.framework in Frameworks */,
			);
			runOnlyForDeploymentPostprocessing = 0;
		};
		EC6A3D3E1E92EDC800F5E717 /* Frameworks */ = {
			isa = PBXFrameworksBuildPhase;
			buildActionMask = 2147483647;
			files = (
				6AAC8699E3FC030B9FBE87D8 /* Pods_TeamFitnessAppTests.framework in Frameworks */,
			);
			runOnlyForDeploymentPostprocessing = 0;
		};
		EC6A3D491E92EDC800F5E717 /* Frameworks */ = {
			isa = PBXFrameworksBuildPhase;
			buildActionMask = 2147483647;
			files = (
				33533B74E3413B25BF5E93C5 /* Pods_TeamFitnessAppUITests.framework in Frameworks */,
			);
			runOnlyForDeploymentPostprocessing = 0;
		};
/* End PBXFrameworksBuildPhase section */

/* Begin PBXGroup section */
		84C7E99DE9344028D1A9EBBC /* Pods */ = {
			isa = PBXGroup;
			children = (
				221FF2463D54139D51842E21 /* Pods-TeamFitnessApp.debug.xcconfig */,
				D446E68A6D57055C70C0BC66 /* Pods-TeamFitnessApp.release.xcconfig */,
				12640670CEAE8AE21C0B30FB /* Pods-TeamFitnessAppTests.debug.xcconfig */,
				7B2D5318F33B4B43C01826E5 /* Pods-TeamFitnessAppTests.release.xcconfig */,
				88ADC239E33D8EFDE8ADF02D /* Pods-TeamFitnessAppUITests.debug.xcconfig */,
				089558D519A9A4A80E4717E6 /* Pods-TeamFitnessAppUITests.release.xcconfig */,
			);
			name = Pods;
			sourceTree = "<group>";
		};
		BCE6416B89075216C87BDACE /* Frameworks */ = {
			isa = PBXGroup;
			children = (
				AA89B0691E93E905007E55AC /* HealthKit.framework */,
				400E5015EFC2F2D0786F05DE /* Pods_TeamFitnessApp.framework */,
				11E4C3F86B33FDA8EC68C009 /* Pods_TeamFitnessAppTests.framework */,
				1AFFD9E8D7960E6ED65315B8 /* Pods_TeamFitnessAppUITests.framework */,
			);
			name = Frameworks;
			sourceTree = "<group>";
		};
		EC6A3D241E92EDC800F5E717 = {
			isa = PBXGroup;
			children = (
				FEC839A21E93F9FB0014B6FA /* Models */,
				EC6A3D2F1E92EDC800F5E717 /* TeamFitnessApp */,
				EC6A3D441E92EDC800F5E717 /* TeamFitnessAppTests */,
				EC6A3D4F1E92EDC800F5E717 /* TeamFitnessAppUITests */,
				EC6A3D2E1E92EDC800F5E717 /* Products */,
				84C7E99DE9344028D1A9EBBC /* Pods */,
				BCE6416B89075216C87BDACE /* Frameworks */,
			);
			sourceTree = "<group>";
		};
		EC6A3D2E1E92EDC800F5E717 /* Products */ = {
			isa = PBXGroup;
			children = (
				EC6A3D2D1E92EDC800F5E717 /* TeamFitnessApp.app */,
				EC6A3D411E92EDC800F5E717 /* TeamFitnessAppTests.xctest */,
				EC6A3D4C1E92EDC800F5E717 /* TeamFitnessAppUITests.xctest */,
			);
			name = Products;
			sourceTree = "<group>";
		};
		EC6A3D2F1E92EDC800F5E717 /* TeamFitnessApp */ = {
			isa = PBXGroup;
			children = (
				ECE3F5AE1E94090D001230CC /* Views */,
				AA89B06B1E93E905007E55AC /* TeamFitnessApp.entitlements */,
				ECE3F5A91E93E8AD001230CC /* Controllers */,
				EC6A3D631E92F4F000F5E717 /* Utility */,
				EC6A3D301E92EDC800F5E717 /* AppDelegate.swift */,
				EC6A3D321E92EDC800F5E717 /* ViewController.swift */,
				EC6A3D341E92EDC800F5E717 /* Main.storyboard */,
				EC6A3D371E92EDC800F5E717 /* Assets.xcassets */,
				EC6A3D391E92EDC800F5E717 /* LaunchScreen.storyboard */,
				AA89B06C1E93F1FB007E55AC /* GoogleService-Info.plist */,
				EC6A3D3C1E92EDC800F5E717 /* Info.plist */,
			);
			path = TeamFitnessApp;
			sourceTree = "<group>";
		};
		EC6A3D441E92EDC800F5E717 /* TeamFitnessAppTests */ = {
			isa = PBXGroup;
			children = (
				EC6A3D451E92EDC800F5E717 /* TeamFitnessAppTests.swift */,
				EC6A3D471E92EDC800F5E717 /* Info.plist */,
			);
			path = TeamFitnessAppTests;
			sourceTree = "<group>";
		};
		EC6A3D4F1E92EDC800F5E717 /* TeamFitnessAppUITests */ = {
			isa = PBXGroup;
			children = (
				EC6A3D501E92EDC800F5E717 /* TeamFitnessAppUITests.swift */,
				EC6A3D521E92EDC800F5E717 /* Info.plist */,
			);
			path = TeamFitnessAppUITests;
			sourceTree = "<group>";
		};
		EC6A3D631E92F4F000F5E717 /* Utility */ = {
			isa = PBXGroup;
			children = (
				ECE3F5B91E94441A001230CC /* FirebaseManager.swift */,
				EC6A3D611E92F4D200F5E717 /* Formatting.swift */,
				ECE3F5BB1E944583001230CC /* FirebaseResponse.swift */,
			);
			name = Utility;
			sourceTree = "<group>";
		};
		ECE3F5A91E93E8AD001230CC /* Controllers */ = {
			isa = PBXGroup;
			children = (
			);
			name = Controllers;
			sourceTree = "<group>";
		};
		ECE3F5AE1E94090D001230CC /* Views */ = {
			isa = PBXGroup;
			children = (
				ECE3F5A71E93E8A9001230CC /* FitnessButton.swift */,
				ECE3F5AA1E93EC59001230CC /* FitnessLabel.swift */,
				ECE3F5AF1E940C70001230CC /* FitnessView.swift */,
			);
			name = Views;
			sourceTree = "<group>";
		};
		FEC839A21E93F9FB0014B6FA /* Models */ = {
			isa = PBXGroup;
			children = (
				FEC839A31E93FA0F0014B6FA /* Challenge.swift */,
				FEB433FF1E9526C000A7D5E1 /* Goal.swift */,
				FEC839A51E93FA3D0014B6FA /* Team.swift */,
				FEC839A71E93FA4E0014B6FA /* User.swift */,
			);
			name = Models;
			path = TeamFitnessAppTests;
			sourceTree = "<group>";
		};
/* End PBXGroup section */

/* Begin PBXNativeTarget section */
		EC6A3D2C1E92EDC800F5E717 /* TeamFitnessApp */ = {
			isa = PBXNativeTarget;
			buildConfigurationList = EC6A3D551E92EDC800F5E717 /* Build configuration list for PBXNativeTarget "TeamFitnessApp" */;
			buildPhases = (
				9A5BD55C110118878F1C2531 /* [CP] Check Pods Manifest.lock */,
				EC6A3D291E92EDC800F5E717 /* Sources */,
				EC6A3D2A1E92EDC800F5E717 /* Frameworks */,
				EC6A3D2B1E92EDC800F5E717 /* Resources */,
				5FF4BDC1FD1A9DB91C61EF84 /* [CP] Embed Pods Frameworks */,
				726C4661EE8B5B3F9E2254D6 /* [CP] Copy Pods Resources */,
			);
			buildRules = (
			);
			dependencies = (
			);
			name = TeamFitnessApp;
			productName = TeamFitnessApp;
			productReference = EC6A3D2D1E92EDC800F5E717 /* TeamFitnessApp.app */;
			productType = "com.apple.product-type.application";
		};
		EC6A3D401E92EDC800F5E717 /* TeamFitnessAppTests */ = {
			isa = PBXNativeTarget;
			buildConfigurationList = EC6A3D581E92EDC800F5E717 /* Build configuration list for PBXNativeTarget "TeamFitnessAppTests" */;
			buildPhases = (
				0A65970C9F8F80C221F2F35B /* [CP] Check Pods Manifest.lock */,
				EC6A3D3D1E92EDC800F5E717 /* Sources */,
				EC6A3D3E1E92EDC800F5E717 /* Frameworks */,
				EC6A3D3F1E92EDC800F5E717 /* Resources */,
				E27C079452E6872CDC1BCF53 /* [CP] Embed Pods Frameworks */,
				5164041FA4CB0DABE91A9DFE /* [CP] Copy Pods Resources */,
			);
			buildRules = (
			);
			dependencies = (
				EC6A3D431E92EDC800F5E717 /* PBXTargetDependency */,
			);
			name = TeamFitnessAppTests;
			productName = TeamFitnessAppTests;
			productReference = EC6A3D411E92EDC800F5E717 /* TeamFitnessAppTests.xctest */;
			productType = "com.apple.product-type.bundle.unit-test";
		};
		EC6A3D4B1E92EDC800F5E717 /* TeamFitnessAppUITests */ = {
			isa = PBXNativeTarget;
			buildConfigurationList = EC6A3D5B1E92EDC800F5E717 /* Build configuration list for PBXNativeTarget "TeamFitnessAppUITests" */;
			buildPhases = (
				3ED34FC4E4DCD15AAF62EF47 /* [CP] Check Pods Manifest.lock */,
				EC6A3D481E92EDC800F5E717 /* Sources */,
				EC6A3D491E92EDC800F5E717 /* Frameworks */,
				EC6A3D4A1E92EDC800F5E717 /* Resources */,
				8722ECE884EB28F5B5FB848F /* [CP] Copy Pods Resources */,
			);
			buildRules = (
			);
			dependencies = (
				EC6A3D4E1E92EDC800F5E717 /* PBXTargetDependency */,
			);
			name = TeamFitnessAppUITests;
			productName = TeamFitnessAppUITests;
			productReference = EC6A3D4C1E92EDC800F5E717 /* TeamFitnessAppUITests.xctest */;
			productType = "com.apple.product-type.bundle.ui-testing";
		};
/* End PBXNativeTarget section */

/* Begin PBXProject section */
		EC6A3D251E92EDC800F5E717 /* Project object */ = {
			isa = PBXProject;
			attributes = {
				LastSwiftUpdateCheck = 0820;
				LastUpgradeCheck = 0820;
				ORGANIZATIONNAME = "Patrick O'Leary";
				TargetAttributes = {
					EC6A3D2C1E92EDC800F5E717 = {
						CreatedOnToolsVersion = 8.2.1;

						DevelopmentTeam = 7X3B669663;
						ProvisioningStyle = Automatic;
						SystemCapabilities = {
							com.apple.HealthKit = {
								enabled = 1;
							};
						};
					};
					EC6A3D401E92EDC800F5E717 = {
						CreatedOnToolsVersion = 8.2.1;
						DevelopmentTeam = 7994H36MAA;
						ProvisioningStyle = Automatic;
						TestTargetID = EC6A3D2C1E92EDC800F5E717;
					};
					EC6A3D4B1E92EDC800F5E717 = {
						CreatedOnToolsVersion = 8.2.1;
						DevelopmentTeam = 7994H36MAA;
						ProvisioningStyle = Automatic;
						TestTargetID = EC6A3D2C1E92EDC800F5E717;
					};
				};
			};
			buildConfigurationList = EC6A3D281E92EDC800F5E717 /* Build configuration list for PBXProject "TeamFitnessApp" */;
			compatibilityVersion = "Xcode 3.2";
			developmentRegion = English;
			hasScannedForEncodings = 0;
			knownRegions = (
				en,
				Base,
			);
			mainGroup = EC6A3D241E92EDC800F5E717;
			productRefGroup = EC6A3D2E1E92EDC800F5E717 /* Products */;
			projectDirPath = "";
			projectRoot = "";
			targets = (
				EC6A3D2C1E92EDC800F5E717 /* TeamFitnessApp */,
				EC6A3D401E92EDC800F5E717 /* TeamFitnessAppTests */,
				EC6A3D4B1E92EDC800F5E717 /* TeamFitnessAppUITests */,
			);
		};
/* End PBXProject section */

/* Begin PBXResourcesBuildPhase section */
		EC6A3D2B1E92EDC800F5E717 /* Resources */ = {
			isa = PBXResourcesBuildPhase;
			buildActionMask = 2147483647;
			files = (
				AA89B06D1E93F1FB007E55AC /* GoogleService-Info.plist in Resources */,
				EC6A3D3B1E92EDC800F5E717 /* LaunchScreen.storyboard in Resources */,
				EC6A3D381E92EDC800F5E717 /* Assets.xcassets in Resources */,
				EC6A3D361E92EDC800F5E717 /* Main.storyboard in Resources */,
			);
			runOnlyForDeploymentPostprocessing = 0;
		};
		EC6A3D3F1E92EDC800F5E717 /* Resources */ = {
			isa = PBXResourcesBuildPhase;
			buildActionMask = 2147483647;
			files = (
			);
			runOnlyForDeploymentPostprocessing = 0;
		};
		EC6A3D4A1E92EDC800F5E717 /* Resources */ = {
			isa = PBXResourcesBuildPhase;
			buildActionMask = 2147483647;
			files = (
			);
			runOnlyForDeploymentPostprocessing = 0;
		};
/* End PBXResourcesBuildPhase section */

/* Begin PBXShellScriptBuildPhase section */
		0A65970C9F8F80C221F2F35B /* [CP] Check Pods Manifest.lock */ = {
			isa = PBXShellScriptBuildPhase;
			buildActionMask = 2147483647;
			files = (
			);
			inputPaths = (
			);
			name = "[CP] Check Pods Manifest.lock";
			outputPaths = (
			);
			runOnlyForDeploymentPostprocessing = 0;
			shellPath = /bin/sh;
			shellScript = "diff \"${PODS_ROOT}/../Podfile.lock\" \"${PODS_ROOT}/Manifest.lock\" > /dev/null\nif [[ $? != 0 ]] ; then\n    cat << EOM\nerror: The sandbox is not in sync with the Podfile.lock. Run 'pod install' or update your CocoaPods installation.\nEOM\n    exit 1\nfi\n";
			showEnvVarsInLog = 0;
		};
		3ED34FC4E4DCD15AAF62EF47 /* [CP] Check Pods Manifest.lock */ = {
			isa = PBXShellScriptBuildPhase;
			buildActionMask = 2147483647;
			files = (
			);
			inputPaths = (
			);
			name = "[CP] Check Pods Manifest.lock";
			outputPaths = (
			);
			runOnlyForDeploymentPostprocessing = 0;
			shellPath = /bin/sh;
			shellScript = "diff \"${PODS_ROOT}/../Podfile.lock\" \"${PODS_ROOT}/Manifest.lock\" > /dev/null\nif [[ $? != 0 ]] ; then\n    cat << EOM\nerror: The sandbox is not in sync with the Podfile.lock. Run 'pod install' or update your CocoaPods installation.\nEOM\n    exit 1\nfi\n";
			showEnvVarsInLog = 0;
		};
		5164041FA4CB0DABE91A9DFE /* [CP] Copy Pods Resources */ = {
			isa = PBXShellScriptBuildPhase;
			buildActionMask = 2147483647;
			files = (
			);
			inputPaths = (
			);
			name = "[CP] Copy Pods Resources";
			outputPaths = (
			);
			runOnlyForDeploymentPostprocessing = 0;
			shellPath = /bin/sh;
			shellScript = "\"${SRCROOT}/Pods/Target Support Files/Pods-TeamFitnessAppTests/Pods-TeamFitnessAppTests-resources.sh\"\n";
			showEnvVarsInLog = 0;
		};
		5FF4BDC1FD1A9DB91C61EF84 /* [CP] Embed Pods Frameworks */ = {
			isa = PBXShellScriptBuildPhase;
			buildActionMask = 2147483647;
			files = (
			);
			inputPaths = (
			);
			name = "[CP] Embed Pods Frameworks";
			outputPaths = (
			);
			runOnlyForDeploymentPostprocessing = 0;
			shellPath = /bin/sh;
			shellScript = "\"${SRCROOT}/Pods/Target Support Files/Pods-TeamFitnessApp/Pods-TeamFitnessApp-frameworks.sh\"\n";
			showEnvVarsInLog = 0;
		};
		726C4661EE8B5B3F9E2254D6 /* [CP] Copy Pods Resources */ = {
			isa = PBXShellScriptBuildPhase;
			buildActionMask = 2147483647;
			files = (
			);
			inputPaths = (
			);
			name = "[CP] Copy Pods Resources";
			outputPaths = (
			);
			runOnlyForDeploymentPostprocessing = 0;
			shellPath = /bin/sh;
			shellScript = "\"${SRCROOT}/Pods/Target Support Files/Pods-TeamFitnessApp/Pods-TeamFitnessApp-resources.sh\"\n";
			showEnvVarsInLog = 0;
		};
		8722ECE884EB28F5B5FB848F /* [CP] Copy Pods Resources */ = {
			isa = PBXShellScriptBuildPhase;
			buildActionMask = 2147483647;
			files = (
			);
			inputPaths = (
			);
			name = "[CP] Copy Pods Resources";
			outputPaths = (
			);
			runOnlyForDeploymentPostprocessing = 0;
			shellPath = /bin/sh;
			shellScript = "\"${SRCROOT}/Pods/Target Support Files/Pods-TeamFitnessAppUITests/Pods-TeamFitnessAppUITests-resources.sh\"\n";
			showEnvVarsInLog = 0;
		};
		9A5BD55C110118878F1C2531 /* [CP] Check Pods Manifest.lock */ = {
			isa = PBXShellScriptBuildPhase;
			buildActionMask = 2147483647;
			files = (
			);
			inputPaths = (
			);
			name = "[CP] Check Pods Manifest.lock";
			outputPaths = (
			);
			runOnlyForDeploymentPostprocessing = 0;
			shellPath = /bin/sh;
			shellScript = "diff \"${PODS_ROOT}/../Podfile.lock\" \"${PODS_ROOT}/Manifest.lock\" > /dev/null\nif [[ $? != 0 ]] ; then\n    cat << EOM\nerror: The sandbox is not in sync with the Podfile.lock. Run 'pod install' or update your CocoaPods installation.\nEOM\n    exit 1\nfi\n";
			showEnvVarsInLog = 0;
		};
		E27C079452E6872CDC1BCF53 /* [CP] Embed Pods Frameworks */ = {
			isa = PBXShellScriptBuildPhase;
			buildActionMask = 2147483647;
			files = (
			);
			inputPaths = (
			);
			name = "[CP] Embed Pods Frameworks";
			outputPaths = (
			);
			runOnlyForDeploymentPostprocessing = 0;
			shellPath = /bin/sh;
			shellScript = "\"${SRCROOT}/Pods/Target Support Files/Pods-TeamFitnessAppTests/Pods-TeamFitnessAppTests-frameworks.sh\"\n";
			showEnvVarsInLog = 0;
		};
/* End PBXShellScriptBuildPhase section */

/* Begin PBXSourcesBuildPhase section */
		EC6A3D291E92EDC800F5E717 /* Sources */ = {
			isa = PBXSourcesBuildPhase;
			buildActionMask = 2147483647;
			files = (
				EC6A3D621E92F4D300F5E717 /* Formatting.swift in Sources */,
				FEC839A41E93FA0F0014B6FA /* Challenge.swift in Sources */,
				FEC839A61E93FA3D0014B6FA /* Team.swift in Sources */,
				ECE3F5AB1E93EC59001230CC /* FitnessLabel.swift in Sources */,
				FEC839A81E93FA4E0014B6FA /* User.swift in Sources */,
				ECE3F5BC1E944583001230CC /* FirebaseResponse.swift in Sources */,
				ECE3F5AB1E93EC59001230CC /* FitnessLabel.swift in Sources */,
				ECE3F5BA1E94441A001230CC /* FirebaseManager.swift in Sources */,
				EC6A3D331E92EDC800F5E717 /* ViewController.swift in Sources */,
				ECE3F5A81E93E8A9001230CC /* FitnessButton.swift in Sources */,
				FEB434001E9526C000A7D5E1 /* Goal.swift in Sources */,
				EC6A3D311E92EDC800F5E717 /* AppDelegate.swift in Sources */,
				ECE3F5B01E940C70001230CC /* FitnessView.swift in Sources */,
			);
			runOnlyForDeploymentPostprocessing = 0;
		};
		EC6A3D3D1E92EDC800F5E717 /* Sources */ = {
			isa = PBXSourcesBuildPhase;
			buildActionMask = 2147483647;
			files = (
				EC6A3D461E92EDC800F5E717 /* TeamFitnessAppTests.swift in Sources */,
			);
			runOnlyForDeploymentPostprocessing = 0;
		};
		EC6A3D481E92EDC800F5E717 /* Sources */ = {
			isa = PBXSourcesBuildPhase;
			buildActionMask = 2147483647;
			files = (
				EC6A3D511E92EDC800F5E717 /* TeamFitnessAppUITests.swift in Sources */,
			);
			runOnlyForDeploymentPostprocessing = 0;
		};
/* End PBXSourcesBuildPhase section */

/* Begin PBXTargetDependency section */
		EC6A3D431E92EDC800F5E717 /* PBXTargetDependency */ = {
			isa = PBXTargetDependency;
			target = EC6A3D2C1E92EDC800F5E717 /* TeamFitnessApp */;
			targetProxy = EC6A3D421E92EDC800F5E717 /* PBXContainerItemProxy */;
		};
		EC6A3D4E1E92EDC800F5E717 /* PBXTargetDependency */ = {
			isa = PBXTargetDependency;
			target = EC6A3D2C1E92EDC800F5E717 /* TeamFitnessApp */;
			targetProxy = EC6A3D4D1E92EDC800F5E717 /* PBXContainerItemProxy */;
		};
/* End PBXTargetDependency section */

/* Begin PBXVariantGroup section */
		EC6A3D341E92EDC800F5E717 /* Main.storyboard */ = {
			isa = PBXVariantGroup;
			children = (
				EC6A3D351E92EDC800F5E717 /* Base */,
			);
			name = Main.storyboard;
			sourceTree = "<group>";
		};
		EC6A3D391E92EDC800F5E717 /* LaunchScreen.storyboard */ = {
			isa = PBXVariantGroup;
			children = (
				EC6A3D3A1E92EDC800F5E717 /* Base */,
			);
			name = LaunchScreen.storyboard;
			sourceTree = "<group>";
		};
/* End PBXVariantGroup section */

/* Begin XCBuildConfiguration section */
		EC6A3D531E92EDC800F5E717 /* Debug */ = {
			isa = XCBuildConfiguration;
			buildSettings = {
				ALWAYS_SEARCH_USER_PATHS = NO;
				CLANG_ANALYZER_NONNULL = YES;
				CLANG_CXX_LANGUAGE_STANDARD = "gnu++0x";
				CLANG_CXX_LIBRARY = "libc++";
				CLANG_ENABLE_MODULES = YES;
				CLANG_ENABLE_OBJC_ARC = YES;
				CLANG_WARN_BOOL_CONVERSION = YES;
				CLANG_WARN_CONSTANT_CONVERSION = YES;
				CLANG_WARN_DIRECT_OBJC_ISA_USAGE = YES_ERROR;
				CLANG_WARN_DOCUMENTATION_COMMENTS = YES;
				CLANG_WARN_EMPTY_BODY = YES;
				CLANG_WARN_ENUM_CONVERSION = YES;
				CLANG_WARN_INFINITE_RECURSION = YES;
				CLANG_WARN_INT_CONVERSION = YES;
				CLANG_WARN_OBJC_ROOT_CLASS = YES_ERROR;
				CLANG_WARN_SUSPICIOUS_MOVE = YES;
				CLANG_WARN_UNREACHABLE_CODE = YES;
				CLANG_WARN__DUPLICATE_METHOD_MATCH = YES;
				"CODE_SIGN_IDENTITY[sdk=iphoneos*]" = "iPhone Developer";
				COPY_PHASE_STRIP = NO;
				DEBUG_INFORMATION_FORMAT = dwarf;
				ENABLE_STRICT_OBJC_MSGSEND = YES;
				ENABLE_TESTABILITY = YES;
				GCC_C_LANGUAGE_STANDARD = gnu99;
				GCC_DYNAMIC_NO_PIC = NO;
				GCC_NO_COMMON_BLOCKS = YES;
				GCC_OPTIMIZATION_LEVEL = 0;
				GCC_PREPROCESSOR_DEFINITIONS = (
					"DEBUG=1",
					"$(inherited)",
				);
				GCC_WARN_64_TO_32_BIT_CONVERSION = YES;
				GCC_WARN_ABOUT_RETURN_TYPE = YES_ERROR;
				GCC_WARN_UNDECLARED_SELECTOR = YES;
				GCC_WARN_UNINITIALIZED_AUTOS = YES_AGGRESSIVE;
				GCC_WARN_UNUSED_FUNCTION = YES;
				GCC_WARN_UNUSED_VARIABLE = YES;
				IPHONEOS_DEPLOYMENT_TARGET = 10.2;
				MTL_ENABLE_DEBUG_INFO = YES;
				ONLY_ACTIVE_ARCH = YES;
				SDKROOT = iphoneos;
				SWIFT_ACTIVE_COMPILATION_CONDITIONS = DEBUG;
				SWIFT_OPTIMIZATION_LEVEL = "-Onone";
				TARGETED_DEVICE_FAMILY = "1,2";
			};
			name = Debug;
		};
		EC6A3D541E92EDC800F5E717 /* Release */ = {
			isa = XCBuildConfiguration;
			buildSettings = {
				ALWAYS_SEARCH_USER_PATHS = NO;
				CLANG_ANALYZER_NONNULL = YES;
				CLANG_CXX_LANGUAGE_STANDARD = "gnu++0x";
				CLANG_CXX_LIBRARY = "libc++";
				CLANG_ENABLE_MODULES = YES;
				CLANG_ENABLE_OBJC_ARC = YES;
				CLANG_WARN_BOOL_CONVERSION = YES;
				CLANG_WARN_CONSTANT_CONVERSION = YES;
				CLANG_WARN_DIRECT_OBJC_ISA_USAGE = YES_ERROR;
				CLANG_WARN_DOCUMENTATION_COMMENTS = YES;
				CLANG_WARN_EMPTY_BODY = YES;
				CLANG_WARN_ENUM_CONVERSION = YES;
				CLANG_WARN_INFINITE_RECURSION = YES;
				CLANG_WARN_INT_CONVERSION = YES;
				CLANG_WARN_OBJC_ROOT_CLASS = YES_ERROR;
				CLANG_WARN_SUSPICIOUS_MOVE = YES;
				CLANG_WARN_UNREACHABLE_CODE = YES;
				CLANG_WARN__DUPLICATE_METHOD_MATCH = YES;
				"CODE_SIGN_IDENTITY[sdk=iphoneos*]" = "iPhone Developer";
				COPY_PHASE_STRIP = NO;
				DEBUG_INFORMATION_FORMAT = "dwarf-with-dsym";
				ENABLE_NS_ASSERTIONS = NO;
				ENABLE_STRICT_OBJC_MSGSEND = YES;
				GCC_C_LANGUAGE_STANDARD = gnu99;
				GCC_NO_COMMON_BLOCKS = YES;
				GCC_WARN_64_TO_32_BIT_CONVERSION = YES;
				GCC_WARN_ABOUT_RETURN_TYPE = YES_ERROR;
				GCC_WARN_UNDECLARED_SELECTOR = YES;
				GCC_WARN_UNINITIALIZED_AUTOS = YES_AGGRESSIVE;
				GCC_WARN_UNUSED_FUNCTION = YES;
				GCC_WARN_UNUSED_VARIABLE = YES;
				IPHONEOS_DEPLOYMENT_TARGET = 10.2;
				MTL_ENABLE_DEBUG_INFO = NO;
				SDKROOT = iphoneos;
				SWIFT_OPTIMIZATION_LEVEL = "-Owholemodule";
				TARGETED_DEVICE_FAMILY = "1,2";
				VALIDATE_PRODUCT = YES;
			};
			name = Release;
		};
		EC6A3D561E92EDC800F5E717 /* Debug */ = {
			isa = XCBuildConfiguration;
			baseConfigurationReference = 221FF2463D54139D51842E21 /* Pods-TeamFitnessApp.debug.xcconfig */;
			buildSettings = {
				ASSETCATALOG_COMPILER_APPICON_NAME = AppIcon;
				CODE_SIGN_ENTITLEMENTS = TeamFitnessApp/TeamFitnessApp.entitlements;
				"CODE_SIGN_IDENTITY[sdk=iphoneos*]" = "iPhone Developer";
				DEVELOPMENT_TEAM = 7X3B669663;
				INFOPLIST_FILE = TeamFitnessApp/Info.plist;
				LD_RUNPATH_SEARCH_PATHS = "$(inherited) @executable_path/Frameworks";
				PRODUCT_BUNDLE_IDENTIFIER = com.Lmusto.TeamFitnessApp;
				PRODUCT_NAME = "$(TARGET_NAME)";
				PROVISIONING_PROFILE_SPECIFIER = "";
				SWIFT_VERSION = 3.0;
			};
			name = Debug;
		};
		EC6A3D571E92EDC800F5E717 /* Release */ = {
			isa = XCBuildConfiguration;
			baseConfigurationReference = D446E68A6D57055C70C0BC66 /* Pods-TeamFitnessApp.release.xcconfig */;
			buildSettings = {
				ASSETCATALOG_COMPILER_APPICON_NAME = AppIcon;
				CODE_SIGN_ENTITLEMENTS = TeamFitnessApp/TeamFitnessApp.entitlements;
				"CODE_SIGN_IDENTITY[sdk=iphoneos*]" = "iPhone Developer";
				DEVELOPMENT_TEAM = 7X3B669663;
				INFOPLIST_FILE = TeamFitnessApp/Info.plist;
				LD_RUNPATH_SEARCH_PATHS = "$(inherited) @executable_path/Frameworks";
				PRODUCT_BUNDLE_IDENTIFIER = com.Lmusto.TeamFitnessApp;
				PRODUCT_NAME = "$(TARGET_NAME)";
				PROVISIONING_PROFILE_SPECIFIER = "";
				SWIFT_VERSION = 3.0;
			};
			name = Release;
		};
		EC6A3D591E92EDC800F5E717 /* Debug */ = {
			isa = XCBuildConfiguration;
			baseConfigurationReference = 12640670CEAE8AE21C0B30FB /* Pods-TeamFitnessAppTests.debug.xcconfig */;
			buildSettings = {
				ALWAYS_EMBED_SWIFT_STANDARD_LIBRARIES = YES;
				BUNDLE_LOADER = "$(TEST_HOST)";
				DEVELOPMENT_TEAM = 7994H36MAA;
				INFOPLIST_FILE = TeamFitnessAppTests/Info.plist;
				LD_RUNPATH_SEARCH_PATHS = "$(inherited) @executable_path/Frameworks @loader_path/Frameworks";
				PRODUCT_BUNDLE_IDENTIFIER = SweetPea.TeamFitnessAppTests;
				PRODUCT_NAME = "$(TARGET_NAME)";
				SWIFT_VERSION = 3.0;
				TEST_HOST = "$(BUILT_PRODUCTS_DIR)/TeamFitnessApp.app/TeamFitnessApp";
			};
			name = Debug;
		};
		EC6A3D5A1E92EDC800F5E717 /* Release */ = {
			isa = XCBuildConfiguration;
			baseConfigurationReference = 7B2D5318F33B4B43C01826E5 /* Pods-TeamFitnessAppTests.release.xcconfig */;
			buildSettings = {
				ALWAYS_EMBED_SWIFT_STANDARD_LIBRARIES = YES;
				BUNDLE_LOADER = "$(TEST_HOST)";
				DEVELOPMENT_TEAM = 7994H36MAA;
				INFOPLIST_FILE = TeamFitnessAppTests/Info.plist;
				LD_RUNPATH_SEARCH_PATHS = "$(inherited) @executable_path/Frameworks @loader_path/Frameworks";
				PRODUCT_BUNDLE_IDENTIFIER = SweetPea.TeamFitnessAppTests;
				PRODUCT_NAME = "$(TARGET_NAME)";
				SWIFT_VERSION = 3.0;
				TEST_HOST = "$(BUILT_PRODUCTS_DIR)/TeamFitnessApp.app/TeamFitnessApp";
			};
			name = Release;
		};
		EC6A3D5C1E92EDC800F5E717 /* Debug */ = {
			isa = XCBuildConfiguration;
			baseConfigurationReference = 88ADC239E33D8EFDE8ADF02D /* Pods-TeamFitnessAppUITests.debug.xcconfig */;
			buildSettings = {
				ALWAYS_EMBED_SWIFT_STANDARD_LIBRARIES = YES;
				DEVELOPMENT_TEAM = 7994H36MAA;
				INFOPLIST_FILE = TeamFitnessAppUITests/Info.plist;
				LD_RUNPATH_SEARCH_PATHS = "$(inherited) @executable_path/Frameworks @loader_path/Frameworks";
				PRODUCT_BUNDLE_IDENTIFIER = SweetPea.TeamFitnessAppUITests;
				PRODUCT_NAME = "$(TARGET_NAME)";
				SWIFT_VERSION = 3.0;
				TEST_TARGET_NAME = TeamFitnessApp;
			};
			name = Debug;
		};
		EC6A3D5D1E92EDC800F5E717 /* Release */ = {
			isa = XCBuildConfiguration;
			baseConfigurationReference = 089558D519A9A4A80E4717E6 /* Pods-TeamFitnessAppUITests.release.xcconfig */;
			buildSettings = {
				ALWAYS_EMBED_SWIFT_STANDARD_LIBRARIES = YES;
				DEVELOPMENT_TEAM = 7994H36MAA;
				INFOPLIST_FILE = TeamFitnessAppUITests/Info.plist;
				LD_RUNPATH_SEARCH_PATHS = "$(inherited) @executable_path/Frameworks @loader_path/Frameworks";
				PRODUCT_BUNDLE_IDENTIFIER = SweetPea.TeamFitnessAppUITests;
				PRODUCT_NAME = "$(TARGET_NAME)";
				SWIFT_VERSION = 3.0;
				TEST_TARGET_NAME = TeamFitnessApp;
			};
			name = Release;
		};
/* End XCBuildConfiguration section */

/* Begin XCConfigurationList section */
		EC6A3D281E92EDC800F5E717 /* Build configuration list for PBXProject "TeamFitnessApp" */ = {
			isa = XCConfigurationList;
			buildConfigurations = (
				EC6A3D531E92EDC800F5E717 /* Debug */,
				EC6A3D541E92EDC800F5E717 /* Release */,
			);
			defaultConfigurationIsVisible = 0;
			defaultConfigurationName = Release;
		};
		EC6A3D551E92EDC800F5E717 /* Build configuration list for PBXNativeTarget "TeamFitnessApp" */ = {
			isa = XCConfigurationList;
			buildConfigurations = (
				EC6A3D561E92EDC800F5E717 /* Debug */,
				EC6A3D571E92EDC800F5E717 /* Release */,
			);
			defaultConfigurationIsVisible = 0;
			defaultConfigurationName = Release;
		};
		EC6A3D581E92EDC800F5E717 /* Build configuration list for PBXNativeTarget "TeamFitnessAppTests" */ = {
			isa = XCConfigurationList;
			buildConfigurations = (
				EC6A3D591E92EDC800F5E717 /* Debug */,
				EC6A3D5A1E92EDC800F5E717 /* Release */,
			);
			defaultConfigurationIsVisible = 0;
			defaultConfigurationName = Release;
		};
		EC6A3D5B1E92EDC800F5E717 /* Build configuration list for PBXNativeTarget "TeamFitnessAppUITests" */ = {
			isa = XCConfigurationList;
			buildConfigurations = (
				EC6A3D5C1E92EDC800F5E717 /* Debug */,
				EC6A3D5D1E92EDC800F5E717 /* Release */,
			);
			defaultConfigurationIsVisible = 0;
			defaultConfigurationName = Release;
		};
/* End XCConfigurationList section */
	};
	rootObject = EC6A3D251E92EDC800F5E717 /* Project object */;
}
